
Microsoft Visual Studio Solution File, Format Version 12.00
# Visual Studio 15
VisualStudioVersion = 15.0.28010.2036
MinimumVisualStudioVersion = 10.0.40219.1
Project("{FAE04EC0-301F-11D3-BF4B-00C04F79EFBC}") = "Splines", "Splines\Splines.csproj", "{AE4A638D-50E2-4674-B849-54AE523C5CC4}"
EndProject
Global
	GlobalSection(SolutionConfigurationPlatforms) = preSolution
		Debug|Any CPU = Debug|Any CPU
		Release|Any CPU = Release|Any CPU
	EndGlobalSection
	GlobalSection(ProjectConfigurationPlatforms) = postSolution
		{AE4A638D-50E2-4674-B849-54AE523C5CC4}.Debug|Any CPU.ActiveCfg = Debug|Any CPU
		{AE4A638D-50E2-4674-B849-54AE523C5CC4}.Debug|Any CPU.Build.0 = Debug|Any CPU
		{AE4A638D-50E2-4674-B849-54AE523C5CC4}.Release|Any CPU.ActiveCfg = Release|Any CPU
		{AE4A638D-50E2-4674-B849-54AE523C5CC4}.Release|Any CPU.Build.0 = Release|Any CPU
	EndGlobalSection
	GlobalSection(SolutionProperties) = preSolution
		HideSolutionNode = FALSE
	EndGlobalSection
	GlobalSection(ExtensibilityGlobals) = postSolution
		SolutionGuid = {EEEBC969-FD28-48B6-B6FB-9035EE4ED035}
	EndGlobalSection
EndGlobal
